{
    "name": "vsnthdev",
    "version": "0.0.1",
    "lockfileVersion": 2,
    "requires": true,
    "packages": {
        "": {
            "name": "vsnthdev",
            "version": "0.0.1",
            "license": "Zlib",
            "dependencies": {
                "axios": "^0.24.0",
                "es-dirname": "^0.1.0"
            }
        },
        "node_modules/axios": {
            "version": "0.24.0",
            "resolved": "https://registry.npmjs.org/axios/-/axios-0.24.0.tgz",
            "integrity": "sha512-Q6cWsys88HoPgAaFAVUb0WpPk0O8iTeisR9IMqy9G8AbO4NlpVknrnQS03zzF9PGAWgO3cgletO3VjV/P7VztA==",
            "dependencies": {
                "follow-redirects": "^1.14.4"
            }
        },
        "node_modules/es-dirname": {
            "version": "0.1.0",
            "resolved": "https://registry.npmjs.org/es-dirname/-/es-dirname-0.1.0.tgz",
            "integrity": "sha512-tcTj4pVFXe5EdiHCybjynDTlvkwuNN6JCg9+5BVB+n9qQoMyWOtxpREoL7rGO3sCIAX55Y6CYZi4s1c30uxvPg=="
        },
        "node_modules/follow-redirects": {
            "version": "1.14.6",
            "resolved": "https://registry.npmjs.org/follow-redirects/-/follow-redirects-1.14.6.tgz",
            "integrity": "sha512-fhUl5EwSJbbl8AR+uYL2KQDxLkdSjZGR36xy46AO7cOMTrCMON6Sa28FmAnC2tRTDbd/Uuzz3aJBv7EBN7JH8A==",
            "funding": [
                {
                    "type": "individual",
                    "url": "https://github.com/sponsors/RubenVerborgh"
                }
            ],
            "engines": {
                "node": ">=4.0"
            },
            "peerDependenciesMeta": {
                "debug": {
                    "optional": true
                }
            }
        }
    },
    "dependencies": {
        "axios": {
            "version": "0.24.0",
            "resolved": "https://registry.npmjs.org/axios/-/axios-0.24.0.tgz",
            "integrity": "sha512-Q6cWsys88HoPgAaFAVUb0WpPk0O8iTeisR9IMqy9G8AbO4NlpVknrnQS03zzF9PGAWgO3cgletO3VjV/P7VztA==",
            "requires": {
                "follow-redirects": "^1.14.4"
            }
        },
        "es-dirname": {
            "version": "0.1.0",
            "resolved": "https://registry.npmjs.org/es-dirname/-/es-dirname-0.1.0.tgz",
            "integrity": "sha512-tcTj4pVFXe5EdiHCybjynDTlvkwuNN6JCg9+5BVB+n9qQoMyWOtxpREoL7rGO3sCIAX55Y6CYZi4s1c30uxvPg=="
        },
        "follow-redirects": {
            "version": "1.14.6",
            "resolved": "https://registry.npmjs.org/follow-redirects/-/follow-redirects-1.14.6.tgz",
            "integrity": "sha512-fhUl5EwSJbbl8AR+uYL2KQDxLkdSjZGR36xy46AO7cOMTrCMON6Sa28FmAnC2tRTDbd/Uuzz3aJBv7EBN7JH8A=="
        }
    }
}
